version = 1
revision = 3
requires-python = ">=3.10"

[[package]]
name = "distributed-database-system"
version = "0.1.0"
source = { virtual = "." }
dependencies = [
    { name = "mysql" },
    { name = "pymysql" },
]

[package.metadata]
requires-dist = [
    { name = "mysql", specifier = ">=0.0.3" },
    { name = "pymysql", specifier = ">=1.1.2" },
]

[[package]]
name = "mysql"
version = "0.0.3"
source = { registry = "https://pypi.org/simple" }
dependencies = [
    { name = "mysqlclient" },
]
sdist = { url = "https://files.pythonhosted.org/packages/8d/3c/943f6734849a6aed97d83af689ce7096927b52465df7bccfbcb45a7e7d14/mysql-0.0.3.tar.gz", hash = "sha256:fd7bae7d7301ce7cd3932e5ff7f77bbc8e34872108252866e08d16d6b8e8de8c", size = 2037, upload-time = "2021-05-25T19:52:16.818Z" }
wheels = [
    { url = "https://files.pythonhosted.org/packages/9a/52/8d29c58f6ae448a72fbc612955bd31accb930ca479a7ba7197f4ae4edec2/mysql-0.0.3-py3-none-any.whl", hash = "sha256:8893cb143a5ac525c49ef358a23b8a0dc9721a95646f7bab6ca2f384c18a6a9a", size = 1237, upload-time = "2021-05-25T19:52:15.462Z" },
]

[[package]]
name = "mysqlclient"
version = "2.2.7"
source = { registry = "https://pypi.org/simple" }
sdist = { url = "https://files.pythonhosted.org/packages/61/68/810093cb579daae426794bbd9d88aa830fae296e85172d18cb0f0e5dd4bc/mysqlclient-2.2.7.tar.gz", hash = "sha256:24ae22b59416d5fcce7e99c9d37548350b4565baac82f95e149cac6ce4163845", size = 91383, upload-time = "2025-01-10T12:06:00.763Z" }
wheels = [
    { url = "https://files.pythonhosted.org/packages/0c/24/cdaaef42aac7d53c0a01bb638da64961c293b1b6d204efd47400a68029d4/mysqlclient-2.2.7-cp310-cp310-win_amd64.whl", hash = "sha256:2e3c11f7625029d7276ca506f8960a7fd3c5a0a0122c9e7404e6a8fe961b3d22", size = 207748, upload-time = "2025-01-10T11:56:24.357Z" },
    { url = "https://files.pythonhosted.org/packages/ef/e3/3e2de3f93cd60dd63bd229ec3e3b679f682982614bf513d046c2722aa4ce/mysqlclient-2.2.7-cp311-cp311-win_amd64.whl", hash = "sha256:a22d99d26baf4af68ebef430e3131bb5a9b722b79a9fcfac6d9bbf8a88800687", size = 207745, upload-time = "2025-01-10T11:56:28.67Z" },
    { url = "https://files.pythonhosted.org/packages/bb/b5/2a8a4bcba3440550f358b839638fe8ec9146fa3c9194890b4998a530c926/mysqlclient-2.2.7-cp312-cp312-win_amd64.whl", hash = "sha256:4b4c0200890837fc64014cc938ef2273252ab544c1b12a6c1d674c23943f3f2e", size = 208032, upload-time = "2025-01-10T11:56:29.879Z" },
    { url = "https://files.pythonhosted.org/packages/29/01/e80141f1cd0459e4c9a5dd309dee135bbae41d6c6c121252fdd853001a8a/mysqlclient-2.2.7-cp313-cp313-win_amd64.whl", hash = "sha256:201a6faa301011dd07bca6b651fe5aaa546d7c9a5426835a06c3172e1056a3c5", size = 208000, upload-time = "2025-01-10T11:56:32.293Z" },
    { url = "https://files.pythonhosted.org/packages/16/cc/5b1570be9f8597ee41e2a0bd7b62ba861ec2c81898d9449f3d6bfbe15d29/mysqlclient-2.2.7-pp310-pypy310_pp73-win_amd64.whl", hash = "sha256:92af368ed9c9144737af569c86d3b6c74a012a6f6b792eb868384787b52bb585", size = 207800, upload-time = "2025-01-10T11:56:36.023Z" },
]

[[package]]
name = "pymysql"
version = "1.1.2"
source = { registry = "https://pypi.org/simple" }
sdist = { url = "https://files.pythonhosted.org/packages/f5/ae/1fe3fcd9f959efa0ebe200b8de88b5a5ce3e767e38c7ac32fb179f16a388/pymysql-1.1.2.tar.gz", hash = "sha256:4961d3e165614ae65014e361811a724e2044ad3ea3739de9903ae7c21f539f03", size = 48258, upload-time = "2025-08-24T12:55:55.146Z" }
wheels = [
    { url = "https://files.pythonhosted.org/packages/7c/4c/ad33b92b9864cbde84f259d5df035a6447f91891f5be77788e2a3892bce3/pymysql-1.1.2-py3-none-any.whl", hash = "sha256:e6b1d89711dd51f8f74b1631fe08f039e7d76cf67a42a323d3178f0f25762ed9", size = 45300, upload-time = "2025-08-24T12:55:53.394Z" },
]
